
Microsoft Visual Studio Solution File, Format Version 12.00
# Visual Studio Version 16
VisualStudioVersion = 16.0.30523.141
MinimumVisualStudioVersion = 10.0.40219.1
Project("{9A19103F-16F7-4668-BE54-9A1E7A4F7556}") = "ExchangeOfficeApp", "ExchangeOfficeApp\ExchangeOfficeApp.csproj", "{BD48AB17-5CFB-4D51-A772-F4DCFA4F4652}"
EndProject
Project("{9A19103F-16F7-4668-BE54-9A1E7A4F7556}") = "ExchangeOfficeRepository", "ExchangeOfficeRepository\ExchangeOfficeRepository.csproj", "{0134DF2D-0A84-498F-B0BB-0228C8E1E792}"
EndProject
Project("{FAE04EC0-301F-11D3-BF4B-00C04F79EFBC}") = "ExchangeOfficeServices", "ExchangeOfficeServices\ExchangeOfficeServices.csproj", "{A60E6556-78BF-4AFD-8839-8E354944F648}"
EndProject
Global
	GlobalSection(SolutionConfigurationPlatforms) = preSolution
		Debug|Any CPU = Debug|Any CPU
		Release|Any CPU = Release|Any CPU
	EndGlobalSection
	GlobalSection(ProjectConfigurationPlatforms) = postSolution
		{BD48AB17-5CFB-4D51-A772-F4DCFA4F4652}.Debug|Any CPU.ActiveCfg = Debug|Any CPU
		{BD48AB17-5CFB-4D51-A772-F4DCFA4F4652}.Debug|Any CPU.Build.0 = Debug|Any CPU
		{BD48AB17-5CFB-4D51-A772-F4DCFA4F4652}.Release|Any CPU.ActiveCfg = Release|Any CPU
		{BD48AB17-5CFB-4D51-A772-F4DCFA4F4652}.Release|Any CPU.Build.0 = Release|Any CPU
		{0134DF2D-0A84-498F-B0BB-0228C8E1E792}.Debug|Any CPU.ActiveCfg = Debug|Any CPU
		{0134DF2D-0A84-498F-B0BB-0228C8E1E792}.Debug|Any CPU.Build.0 = Debug|Any CPU
		{0134DF2D-0A84-498F-B0BB-0228C8E1E792}.Release|Any CPU.ActiveCfg = Release|Any CPU
		{0134DF2D-0A84-498F-B0BB-0228C8E1E792}.Release|Any CPU.Build.0 = Release|Any CPU
		{A60E6556-78BF-4AFD-8839-8E354944F648}.Debug|Any CPU.ActiveCfg = Debug|Any CPU
		{A60E6556-78BF-4AFD-8839-8E354944F648}.Debug|Any CPU.Build.0 = Debug|Any CPU
		{A60E6556-78BF-4AFD-8839-8E354944F648}.Release|Any CPU.ActiveCfg = Release|Any CPU
		{A60E6556-78BF-4AFD-8839-8E354944F648}.Release|Any CPU.Build.0 = Release|Any CPU
	EndGlobalSection
	GlobalSection(SolutionProperties) = preSolution
		HideSolutionNode = FALSE
	EndGlobalSection
	GlobalSection(ExtensibilityGlobals) = postSolution
		SolutionGuid = {0262A011-EEEE-4753-9B93-FB09E714A48E}
	EndGlobalSection
EndGlobal
